
Microsoft Visual Studio Solution File, Format Version 12.00
# Visual Studio Version 17
VisualStudioVersion = 17.1.32328.378
MinimumVisualStudioVersion = 10.0.40219.1
Project("{9A19103F-16F7-4668-BE54-9A1E7A4F7556}") = "Area_Calc_Zundel", "Area_Calc_Zundel\Area_Calc_Zundel.csproj", "{BDD586BC-70CD-49CA-89CF-42540B333EA4}"
EndProject
Project("{FAE04EC0-301F-11D3-BF4B-00C04F79EFBC}") = "AreaCalculatorTest", "AreaCalculatorTest\AreaCalculatorTest.csproj", "{E0B0C0E8-A1AD-4793-9AAD-A46102CBE70B}"
EndProject
Global
	GlobalSection(SolutionConfigurationPlatforms) = preSolution
		Debug|Any CPU = Debug|Any CPU
		Release|Any CPU = Release|Any CPU
	EndGlobalSection
	GlobalSection(ProjectConfigurationPlatforms) = postSolution
		{BDD586BC-70CD-49CA-89CF-42540B333EA4}.Debug|Any CPU.ActiveCfg = Debug|Any CPU
		{BDD586BC-70CD-49CA-89CF-42540B333EA4}.Debug|Any CPU.Build.0 = Debug|Any CPU
		{BDD586BC-70CD-49CA-89CF-42540B333EA4}.Release|Any CPU.ActiveCfg = Release|Any CPU
		{BDD586BC-70CD-49CA-89CF-42540B333EA4}.Release|Any CPU.Build.0 = Release|Any CPU
		{E0B0C0E8-A1AD-4793-9AAD-A46102CBE70B}.Debug|Any CPU.ActiveCfg = Debug|Any CPU
		{E0B0C0E8-A1AD-4793-9AAD-A46102CBE70B}.Debug|Any CPU.Build.0 = Debug|Any CPU
		{E0B0C0E8-A1AD-4793-9AAD-A46102CBE70B}.Release|Any CPU.ActiveCfg = Release|Any CPU
		{E0B0C0E8-A1AD-4793-9AAD-A46102CBE70B}.Release|Any CPU.Build.0 = Release|Any CPU
	EndGlobalSection
	GlobalSection(SolutionProperties) = preSolution
		HideSolutionNode = FALSE
	EndGlobalSection
	GlobalSection(ExtensibilityGlobals) = postSolution
		SolutionGuid = {C9160D19-F3EF-414D-AA22-248DCC15033F}
	EndGlobalSection
EndGlobal
